
Microsoft Visual Studio Solution File, Format Version 12.00
# Visual Studio Version 17
VisualStudioVersion = 17.14.36511.14
MinimumVisualStudioVersion = 10.0.40219.1
Project("{FAE04EC0-301F-11D3-BF4B-00C04F79EFBC}") = "TechnicalTestPhanorMesias", "TechnicalTestPhanorMesias\TechnicalTestPhanorMesias.csproj", "{F8B98AEE-E995-46FD-9E12-75514A90A554}"
EndProject
Project("{FAE04EC0-301F-11D3-BF4B-00C04F79EFBC}") = "RealStateDataModel", "RealStateDataModel\RealStateDataModel.csproj", "{146752B2-118A-4919-A840-2A75C31D1AE3}"
EndProject
Project("{FAE04EC0-301F-11D3-BF4B-00C04F79EFBC}") = "RealStateApi", "RealStateApi\RealStateApi.csproj", "{BBB18F71-C280-4EF6-8187-A48C45DD7AEB}"
EndProject
Project("{FAE04EC0-301F-11D3-BF4B-00C04F79EFBC}") = "RealStateService", "RealStateService\RealStateService.csproj", "{616B3708-079C-4436-8C64-801630556EFE}"
EndProject
Project("{FAE04EC0-301F-11D3-BF4B-00C04F79EFBC}") = "RealStateApiTest", "RealStateApiTest\RealStateApiTest.csproj", "{E4848CC8-DA6C-4934-8B68-BCA75B134169}"
EndProject
Global
	GlobalSection(SolutionConfigurationPlatforms) = preSolution
		Debug|Any CPU = Debug|Any CPU
		Release|Any CPU = Release|Any CPU
	EndGlobalSection
	GlobalSection(ProjectConfigurationPlatforms) = postSolution
		{F8B98AEE-E995-46FD-9E12-75514A90A554}.Debug|Any CPU.ActiveCfg = Debug|Any CPU
		{F8B98AEE-E995-46FD-9E12-75514A90A554}.Debug|Any CPU.Build.0 = Debug|Any CPU
		{F8B98AEE-E995-46FD-9E12-75514A90A554}.Release|Any CPU.ActiveCfg = Release|Any CPU
		{F8B98AEE-E995-46FD-9E12-75514A90A554}.Release|Any CPU.Build.0 = Release|Any CPU
		{146752B2-118A-4919-A840-2A75C31D1AE3}.Debug|Any CPU.ActiveCfg = Debug|Any CPU
		{146752B2-118A-4919-A840-2A75C31D1AE3}.Debug|Any CPU.Build.0 = Debug|Any CPU
		{146752B2-118A-4919-A840-2A75C31D1AE3}.Release|Any CPU.ActiveCfg = Release|Any CPU
		{146752B2-118A-4919-A840-2A75C31D1AE3}.Release|Any CPU.Build.0 = Release|Any CPU
		{BBB18F71-C280-4EF6-8187-A48C45DD7AEB}.Debug|Any CPU.ActiveCfg = Debug|Any CPU
		{BBB18F71-C280-4EF6-8187-A48C45DD7AEB}.Debug|Any CPU.Build.0 = Debug|Any CPU
		{BBB18F71-C280-4EF6-8187-A48C45DD7AEB}.Release|Any CPU.ActiveCfg = Release|Any CPU
		{BBB18F71-C280-4EF6-8187-A48C45DD7AEB}.Release|Any CPU.Build.0 = Release|Any CPU
		{616B3708-079C-4436-8C64-801630556EFE}.Debug|Any CPU.ActiveCfg = Debug|Any CPU
		{616B3708-079C-4436-8C64-801630556EFE}.Debug|Any CPU.Build.0 = Debug|Any CPU
		{616B3708-079C-4436-8C64-801630556EFE}.Release|Any CPU.ActiveCfg = Release|Any CPU
		{616B3708-079C-4436-8C64-801630556EFE}.Release|Any CPU.Build.0 = Release|Any CPU
		{E4848CC8-DA6C-4934-8B68-BCA75B134169}.Debug|Any CPU.ActiveCfg = Debug|Any CPU
		{E4848CC8-DA6C-4934-8B68-BCA75B134169}.Debug|Any CPU.Build.0 = Debug|Any CPU
		{E4848CC8-DA6C-4934-8B68-BCA75B134169}.Release|Any CPU.ActiveCfg = Release|Any CPU
		{E4848CC8-DA6C-4934-8B68-BCA75B134169}.Release|Any CPU.Build.0 = Release|Any CPU
	EndGlobalSection
	GlobalSection(SolutionProperties) = preSolution
		HideSolutionNode = FALSE
	EndGlobalSection
	GlobalSection(ExtensibilityGlobals) = postSolution
		SolutionGuid = {8C303527-59C0-4C52-A5C3-1AE6D4B1C461}
	EndGlobalSection
EndGlobal
